
Microsoft Visual Studio Solution File, Format Version 12.00
# Visual Studio Version 17
VisualStudioVersion = 17.11.35222.181
MinimumVisualStudioVersion = 10.0.40219.1
Project("{FAE04EC0-301F-11D3-BF4B-00C04F79EFBC}") = "Lab7", "Lab7.csproj", "{DFDDE783-198C-41E8-B231-FF9349D47412}"
EndProject
Global
	GlobalSection(SolutionConfigurationPlatforms) = preSolution
		Debug|Any CPU = Debug|Any CPU
		Release|Any CPU = Release|Any CPU
	EndGlobalSection
	GlobalSection(ProjectConfigurationPlatforms) = postSolution
		{DFDDE783-198C-41E8-B231-FF9349D47412}.Debug|Any CPU.ActiveCfg = Debug|Any CPU
		{DFDDE783-198C-41E8-B231-FF9349D47412}.Debug|Any CPU.Build.0 = Debug|Any CPU
		{DFDDE783-198C-41E8-B231-FF9349D47412}.Release|Any CPU.ActiveCfg = Release|Any CPU
		{DFDDE783-198C-41E8-B231-FF9349D47412}.Release|Any CPU.Build.0 = Release|Any CPU
	EndGlobalSection
	GlobalSection(SolutionProperties) = preSolution
		HideSolutionNode = FALSE
	EndGlobalSection
	GlobalSection(ExtensibilityGlobals) = postSolution
		SolutionGuid = {11BB161A-5E80-48FD-B21C-FAA59D3DDA25}
	EndGlobalSection
EndGlobal
